
Microsoft Visual Studio Solution File, Format Version 12.00
# Visual Studio Version 16
VisualStudioVersion = 16.0.32106.194
MinimumVisualStudioVersion = 10.0.40219.1
Project("{9A19103F-16F7-4668-BE54-9A1E7A4F7556}") = "TelegramDOGs", "TelegramDOGs.csproj", "{CCEE1AEB-6C20-4987-B6ED-B436F0FA90BE}"
EndProject
Global
	GlobalSection(SolutionConfigurationPlatforms) = preSolution
		Debug|Any CPU = Debug|Any CPU
		Release|Any CPU = Release|Any CPU
	EndGlobalSection
	GlobalSection(ProjectConfigurationPlatforms) = postSolution
		{CCEE1AEB-6C20-4987-B6ED-B436F0FA90BE}.Debug|Any CPU.ActiveCfg = Debug|Any CPU
		{CCEE1AEB-6C20-4987-B6ED-B436F0FA90BE}.Debug|Any CPU.Build.0 = Debug|Any CPU
		{CCEE1AEB-6C20-4987-B6ED-B436F0FA90BE}.Release|Any CPU.ActiveCfg = Release|Any CPU
		{CCEE1AEB-6C20-4987-B6ED-B436F0FA90BE}.Release|Any CPU.Build.0 = Release|Any CPU
	EndGlobalSection
	GlobalSection(SolutionProperties) = preSolution
		HideSolutionNode = FALSE
	EndGlobalSection
	GlobalSection(ExtensibilityGlobals) = postSolution
		SolutionGuid = {6681BB95-3A5C-4818-ACE6-DA119ED70BC2}
	EndGlobalSection
EndGlobal
